// !$*UTF8*$!
{
	archiveVersion = 1;
	classes = {
	};
	objectVersion = 50;
	objects = {

/* Begin PBXBuildFile section */
		5D28291B20D7AB3800EF14CF /* CallViewController.m in Sources */ = {isa = PBXBuildFile; fileRef = 5D28291A20D7AB3700EF14CF /* CallViewController.m */; };
		5D29C6D820CC10C000D1CD81 /* APRoundedButton.m in Sources */ = {isa = PBXBuildFile; fileRef = 5D29C6D720CBFCAA00D1CD81 /* APRoundedButton.m */; };
		5D328CDD20CE3F0000EE8DBF /* ContactsTableViewController.m in Sources */ = {isa = PBXBuildFile; fileRef = 5D328CDC20CE3F0000EE8DBF /* ContactsTableViewController.m */; };
		5D59D40420D7D40700CDD36F /* Person.m in Sources */ = {isa = PBXBuildFile; fileRef = 5D59D40320D7D40700CDD36F /* Person.m */; };
		5D59D44320D7F7F100CDD36F /* libsqlite3.0.tbd in Frameworks */ = {isa = PBXBuildFile; fileRef = 5DA5DB0620CC2BB000EDB182 /* libsqlite3.0.tbd */; };
		5D59D44620D7FE0000CDD36F /* DBManager.m in Sources */ = {isa = PBXBuildFile; fileRef = 5D59D44520D7FE0000CDD36F /* DBManager.m */; };
		5D59D44B20D82C1F00CDD36F /* ProfileViewController.m in Sources */ = {isa = PBXBuildFile; fileRef = 5D59D44A20D82C1F00CDD36F /* ProfileViewController.m */; };
		5D59D44D20D83C2D00CDD36F /* contacts.db in Resources */ = {isa = PBXBuildFile; fileRef = 5D59D44C20D83C2D00CDD36F /* contacts.db */; };
		5D81838320CB7A5F0025057B /* SearchViewController.m in Sources */ = {isa = PBXBuildFile; fileRef = 5D81838220CB7A5F0025057B /* SearchViewController.m */; };
		5D83708820CB8808000B0682 /* Assets.xcassets in Resources */ = {isa = PBXBuildFile; fileRef = 5D83708720CB8808000B0682 /* Assets.xcassets */; };
		5D83708B20CB884F000B0682 /* Main.storyboard in Resources */ = {isa = PBXBuildFile; fileRef = 5D83708920CB884F000B0682 /* Main.storyboard */; };
		5D83709120CB8896000B0682 /* TabBarController.m in Sources */ = {isa = PBXBuildFile; fileRef = 5D83708D20CB8896000B0682 /* TabBarController.m */; };
		5D83709220CB8896000B0682 /* ContactsNavigationController.m in Sources */ = {isa = PBXBuildFile; fileRef = 5D83708E20CB8896000B0682 /* ContactsNavigationController.m */; };
		5DB5F1E420CAE6D10027B6DE /* AppDelegate.m in Sources */ = {isa = PBXBuildFile; fileRef = 5DB5F1E320CAE6D10027B6DE /* AppDelegate.m */; };
		5DB5F1F520CAE6D30027B6DE /* main.m in Sources */ = {isa = PBXBuildFile; fileRef = 5DB5F1F420CAE6D30027B6DE /* main.m */; };
		5DCB131120DF3A2E00A6571E /* LaunchScreen.storyboard in Resources */ = {isa = PBXBuildFile; fileRef = 5DCB131020DF3A2E00A6571E /* LaunchScreen.storyboard */; };
/* End PBXBuildFile section */

/* Begin PBXFileReference section */
		5D28291920D7AB2900EF14CF /* CallViewController.h */ = {isa = PBXFileReference; lastKnownFileType = sourcecode.c.h; path = CallViewController.h; sourceTree = "<group>"; };
		5D28291A20D7AB3700EF14CF /* CallViewController.m */ = {isa = PBXFileReference; lastKnownFileType = sourcecode.c.objc; path = CallViewController.m; sourceTree = "<group>"; };
		5D29C6D620CBFC8100D1CD81 /* APRoundedButton.h */ = {isa = PBXFileReference; lastKnownFileType = sourcecode.c.h; path = APRoundedButton.h; sourceTree = "<group>"; };
		5D29C6D720CBFCAA00D1CD81 /* APRoundedButton.m */ = {isa = PBXFileReference; lastKnownFileType = sourcecode.c.objc; path = APRoundedButton.m; sourceTree = "<group>"; };
		5D328CDB20CE3EF400EE8DBF /* ContactsTableViewController.h */ = {isa = PBXFileReference; lastKnownFileType = sourcecode.c.h; path = ContactsTableViewController.h; sourceTree = "<group>"; };
		5D328CDC20CE3F0000EE8DBF /* ContactsTableViewController.m */ = {isa = PBXFileReference; lastKnownFileType = sourcecode.c.objc; path = ContactsTableViewController.m; sourceTree = "<group>"; };
		5D59D40220D7D3F800CDD36F /* Person.h */ = {isa = PBXFileReference; lastKnownFileType = sourcecode.c.h; path = Person.h; sourceTree = "<group>"; };
		5D59D40320D7D40700CDD36F /* Person.m */ = {isa = PBXFileReference; lastKnownFileType = sourcecode.c.objc; path = Person.m; sourceTree = "<group>"; };
		5D59D44420D7FDF400CDD36F /* DBManager.h */ = {isa = PBXFileReference; lastKnownFileType = sourcecode.c.h; path = DBManager.h; sourceTree = "<group>"; };
		5D59D44520D7FE0000CDD36F /* DBManager.m */ = {isa = PBXFileReference; lastKnownFileType = sourcecode.c.objc; path = DBManager.m; sourceTree = "<group>"; };
		5D59D44920D82C1500CDD36F /* ProfileViewController.h */ = {isa = PBXFileReference; lastKnownFileType = sourcecode.c.h; path = ProfileViewController.h; sourceTree = "<group>"; };
		5D59D44A20D82C1F00CDD36F /* ProfileViewController.m */ = {isa = PBXFileReference; lastKnownFileType = sourcecode.c.objc; path = ProfileViewController.m; sourceTree = "<group>"; };
		5D59D44C20D83C2D00CDD36F /* contacts.db */ = {isa = PBXFileReference; lastKnownFileType = file; path = contacts.db; sourceTree = "<group>"; };
		5D81838220CB7A5F0025057B /* SearchViewController.m */ = {isa = PBXFileReference; lastKnownFileType = sourcecode.c.objc; path = SearchViewController.m; sourceTree = "<group>"; };
		5D81838420CB7A760025057B /* SearchViewController.h */ = {isa = PBXFileReference; lastKnownFileType = sourcecode.c.h; path = SearchViewController.h; sourceTree = "<group>"; };
		5D83708720CB8808000B0682 /* Assets.xcassets */ = {isa = PBXFileReference; lastKnownFileType = folder.assetcatalog; path = Assets.xcassets; sourceTree = "<group>"; };
		5D83708920CB884F000B0682 /* Main.storyboard */ = {isa = PBXFileReference; fileEncoding = 4; lastKnownFileType = file.storyboard; path = Main.storyboard; sourceTree = "<group>"; };
		5D83708D20CB8896000B0682 /* TabBarController.m */ = {isa = PBXFileReference; fileEncoding = 4; lastKnownFileType = sourcecode.c.objc; path = TabBarController.m; sourceTree = "<group>"; };
		5D83708E20CB8896000B0682 /* ContactsNavigationController.m */ = {isa = PBXFileReference; fileEncoding = 4; lastKnownFileType = sourcecode.c.objc; path = ContactsNavigationController.m; sourceTree = "<group>"; };
		5D83708F20CB8896000B0682 /* ContactsNavigationController.h */ = {isa = PBXFileReference; fileEncoding = 4; lastKnownFileType = sourcecode.c.h; path = ContactsNavigationController.h; sourceTree = "<group>"; };
		5D83709020CB8896000B0682 /* TabBarController.h */ = {isa = PBXFileReference; fileEncoding = 4; lastKnownFileType = sourcecode.c.h; path = TabBarController.h; sourceTree = "<group>"; };
		5DA5DB0620CC2BB000EDB182 /* libsqlite3.0.tbd */ = {isa = PBXFileReference; lastKnownFileType = "sourcecode.text-based-dylib-definition"; name = libsqlite3.0.tbd; path = usr/lib/libsqlite3.0.tbd; sourceTree = SDKROOT; };
		5DA5DB0820CC2C5400EDB182 /* libtclsqlite3.dylib */ = {isa = PBXFileReference; lastKnownFileType = "compiled.mach-o.dylib"; name = libtclsqlite3.dylib; path = ../../../../../../System/Library/Tcl/sqlite3/libtclsqlite3.dylib; sourceTree = "<group>"; };
		5DB5F1DF20CAE6D10027B6DE /* PhoneContacts.app */ = {isa = PBXFileReference; explicitFileType = wrapper.application; includeInIndex = 0; path = PhoneContacts.app; sourceTree = BUILT_PRODUCTS_DIR; };
		5DB5F1E220CAE6D10027B6DE /* AppDelegate.h */ = {isa = PBXFileReference; lastKnownFileType = sourcecode.c.h; path = AppDelegate.h; sourceTree = "<group>"; };
		5DB5F1E320CAE6D10027B6DE /* AppDelegate.m */ = {isa = PBXFileReference; lastKnownFileType = sourcecode.c.objc; path = AppDelegate.m; sourceTree = "<group>"; };
		5DB5F1F320CAE6D30027B6DE /* Info.plist */ = {isa = PBXFileReference; lastKnownFileType = text.plist.xml; path = Info.plist; sourceTree = "<group>"; };
		5DB5F1F420CAE6D30027B6DE /* main.m */ = {isa = PBXFileReference; lastKnownFileType = sourcecode.c.objc; path = main.m; sourceTree = "<group>"; };
		5DCB131020DF3A2E00A6571E /* LaunchScreen.storyboard */ = {isa = PBXFileReference; fileEncoding = 4; lastKnownFileType = file.storyboard; path = LaunchScreen.storyboard; sourceTree = "<group>"; };
/* End PBXFileReference section */

/* Begin PBXFrameworksBuildPhase section */
		5DB5F1DC20CAE6D10027B6DE /* Frameworks */ = {
			isa = PBXFrameworksBuildPhase;
			buildActionMask = 2147483647;
			files = (
				5D59D44320D7F7F100CDD36F /* libsqlite3.0.tbd in Frameworks */,
			);
			runOnlyForDeploymentPostprocessing = 0;
		};
/* End PBXFrameworksBuildPhase section */

/* Begin PBXGroup section */
		5D83708520CB8808000B0682 /* BaseViewControllers */ = {
			isa = PBXGroup;
			children = (
				5D83709020CB8896000B0682 /* TabBarController.h */,
				5D83708D20CB8896000B0682 /* TabBarController.m */,
				5D83708F20CB8896000B0682 /* ContactsNavigationController.h */,
				5D83708E20CB8896000B0682 /* ContactsNavigationController.m */,
			);
			path = BaseViewControllers;
			sourceTree = "<group>";
		};
		5D83708620CB8808000B0682 /* Base.lproj */ = {
			isa = PBXGroup;
			children = (
			);
			path = Base.lproj;
			sourceTree = "<group>";
		};
		5DA5DB0520CC2BB000EDB182 /* Frameworks */ = {
			isa = PBXGroup;
			children = (
				5DA5DB0820CC2C5400EDB182 /* libtclsqlite3.dylib */,
				5DA5DB0620CC2BB000EDB182 /* libsqlite3.0.tbd */,
			);
			name = Frameworks;
			sourceTree = "<group>";
		};
		5DB5F1D620CAE6D10027B6DE = {
			isa = PBXGroup;
			children = (
				5DB5F1E120CAE6D10027B6DE /* PhoneContacts */,
				5DB5F1E020CAE6D10027B6DE /* Products */,
				5DA5DB0520CC2BB000EDB182 /* Frameworks */,
			);
			sourceTree = "<group>";
		};
		5DB5F1E020CAE6D10027B6DE /* Products */ = {
			isa = PBXGroup;
			children = (
				5DB5F1DF20CAE6D10027B6DE /* PhoneContacts.app */,
			);
			name = Products;
			sourceTree = "<group>";
		};
		5DB5F1E120CAE6D10027B6DE /* PhoneContacts */ = {
			isa = PBXGroup;
			children = (
				5D59D44C20D83C2D00CDD36F /* contacts.db */,
				5D83708720CB8808000B0682 /* Assets.xcassets */,
				5D83708620CB8808000B0682 /* Base.lproj */,
				5D83708520CB8808000B0682 /* BaseViewControllers */,
				5DB5F1E220CAE6D10027B6DE /* AppDelegate.h */,
				5DB5F1E320CAE6D10027B6DE /* AppDelegate.m */,
				5D59D44420D7FDF400CDD36F /* DBManager.h */,
				5D59D44520D7FE0000CDD36F /* DBManager.m */,
				5D59D40220D7D3F800CDD36F /* Person.h */,
				5D59D40320D7D40700CDD36F /* Person.m */,
				5D328CDB20CE3EF400EE8DBF /* ContactsTableViewController.h */,
				5D328CDC20CE3F0000EE8DBF /* ContactsTableViewController.m */,
				5D59D44920D82C1500CDD36F /* ProfileViewController.h */,
				5D59D44A20D82C1F00CDD36F /* ProfileViewController.m */,
				5D28291920D7AB2900EF14CF /* CallViewController.h */,
				5D28291A20D7AB3700EF14CF /* CallViewController.m */,
				5D81838420CB7A760025057B /* SearchViewController.h */,
				5D81838220CB7A5F0025057B /* SearchViewController.m */,
				5D83708920CB884F000B0682 /* Main.storyboard */,
				5DCB131020DF3A2E00A6571E /* LaunchScreen.storyboard */,
				5DB5F1F320CAE6D30027B6DE /* Info.plist */,
				5DB5F1F420CAE6D30027B6DE /* main.m */,
				5D29C6D620CBFC8100D1CD81 /* APRoundedButton.h */,
				5D29C6D720CBFCAA00D1CD81 /* APRoundedButton.m */,
			);
			path = PhoneContacts;
			sourceTree = "<group>";
		};
/* End PBXGroup section */

/* Begin PBXNativeTarget section */
		5DB5F1DE20CAE6D10027B6DE /* PhoneContacts */ = {
			isa = PBXNativeTarget;
			buildConfigurationList = 5DB5F1F820CAE6D30027B6DE /* Build configuration list for PBXNativeTarget "PhoneContacts" */;
			buildPhases = (
				5DB5F1DB20CAE6D10027B6DE /* Sources */,
				5DB5F1DC20CAE6D10027B6DE /* Frameworks */,
				5DB5F1DD20CAE6D10027B6DE /* Resources */,
			);
			buildRules = (
			);
			dependencies = (
			);
			name = PhoneContacts;
			productName = PhoneContacts;
			productReference = 5DB5F1DF20CAE6D10027B6DE /* PhoneContacts.app */;
			productType = "com.apple.product-type.application";
		};
/* End PBXNativeTarget section */

/* Begin PBXProject section */
		5DB5F1D720CAE6D10027B6DE /* Project object */ = {
			isa = PBXProject;
			attributes = {
				LastUpgradeCheck = 0930;
				ORGANIZATIONNAME = liyihan;
				TargetAttributes = {
					5DB5F1DE20CAE6D10027B6DE = {
						CreatedOnToolsVersion = 9.3.1;
					};
				};
			};
			buildConfigurationList = 5DB5F1DA20CAE6D10027B6DE /* Build configuration list for PBXProject "PhoneContacts" */;
			compatibilityVersion = "Xcode 9.3";
			developmentRegion = en;
			hasScannedForEncodings = 0;
			knownRegions = (
				en,
				Base,
				"zh-Hans",
				ja,
				es,
				da,
				"es-ES",
				"zh-Hant",
				fr,
				de,
				pt,
			);
			mainGroup = 5DB5F1D620CAE6D10027B6DE;
			productRefGroup = 5DB5F1E020CAE6D10027B6DE /* Products */;
			projectDirPath = "";
			projectRoot = "";
			targets = (
				5DB5F1DE20CAE6D10027B6DE /* PhoneContacts */,
			);
		};
/* End PBXProject section */

/* Begin PBXResourcesBuildPhase section */
		5DB5F1DD20CAE6D10027B6DE /* Resources */ = {
			isa = PBXResourcesBuildPhase;
			buildActionMask = 2147483647;
			files = (
				5D83708820CB8808000B0682 /* Assets.xcassets in Resources */,
				5DCB131120DF3A2E00A6571E /* LaunchScreen.storyboard in Resources */,
				5D59D44D20D83C2D00CDD36F /* contacts.db in Resources */,
				5D83708B20CB884F000B0682 /* Main.storyboard in Resources */,
			);
			runOnlyForDeploymentPostprocessing = 0;
		};
/* End PBXResourcesBuildPhase section */

/* Begin PBXSourcesBuildPhase section */
		5DB5F1DB20CAE6D10027B6DE /* Sources */ = {
			isa = PBXSourcesBuildPhase;
			buildActionMask = 2147483647;
			files = (
				5D81838320CB7A5F0025057B /* SearchViewController.m in Sources */,
				5D59D44620D7FE0000CDD36F /* DBManager.m in Sources */,
				5D29C6D820CC10C000D1CD81 /* APRoundedButton.m in Sources */,
				5DB5F1E420CAE6D10027B6DE /* AppDelegate.m in Sources */,
				5D83709120CB8896000B0682 /* TabBarController.m in Sources */,
				5DB5F1F520CAE6D30027B6DE /* main.m in Sources */,
				5D59D44B20D82C1F00CDD36F /* ProfileViewController.m in Sources */,
				5D328CDD20CE3F0000EE8DBF /* ContactsTableViewController.m in Sources */,
				5D59D40420D7D40700CDD36F /* Person.m in Sources */,
				5D28291B20D7AB3800EF14CF /* CallViewController.m in Sources */,
				5D83709220CB8896000B0682 /* ContactsNavigationController.m in Sources */,
			);
			runOnlyForDeploymentPostprocessing = 0;
		};
/* End PBXSourcesBuildPhase section */

/* Begin XCBuildConfiguration section */
		5DB5F1F620CAE6D30027B6DE /* Debug */ = {
			isa = XCBuildConfiguration;
			buildSettings = {
				ALWAYS_SEARCH_USER_PATHS = NO;
				CLANG_ANALYZER_NONNULL = YES;
				CLANG_ANALYZER_NUMBER_OBJECT_CONVERSION = YES_AGGRESSIVE;
				CLANG_CXX_LANGUAGE_STANDARD = "gnu++14";
				CLANG_CXX_LIBRARY = "libc++";
				CLANG_ENABLE_MODULES = YES;
				CLANG_ENABLE_OBJC_ARC = YES;
				CLANG_ENABLE_OBJC_WEAK = YES;
				CLANG_WARN_BLOCK_CAPTURE_AUTORELEASING = YES;
				CLANG_WARN_BOOL_CONVERSION = YES;
				CLANG_WARN_COMMA = YES;
				CLANG_WARN_CONSTANT_CONVERSION = YES;
				CLANG_WARN_DEPRECATED_OBJC_IMPLEMENTATIONS = YES;
				CLANG_WARN_DIRECT_OBJC_ISA_USAGE = YES_ERROR;
				CLANG_WARN_DOCUMENTATION_COMMENTS = YES;
				CLANG_WARN_EMPTY_BODY = YES;
				CLANG_WARN_ENUM_CONVERSION = YES;
				CLANG_WARN_INFINITE_RECURSION = YES;
				CLANG_WARN_INT_CONVERSION = YES;
				CLANG_WARN_NON_LITERAL_NULL_CONVERSION = YES;
				CLANG_WARN_OBJC_IMPLICIT_RETAIN_SELF = YES;
				CLANG_WARN_OBJC_LITERAL_CONVERSION = YES;
				CLANG_WARN_OBJC_ROOT_CLASS = YES_ERROR;
				CLANG_WARN_RANGE_LOOP_ANALYSIS = YES;
				CLANG_WARN_STRICT_PROTOTYPES = YES;
				CLANG_WARN_SUSPICIOUS_MOVE = YES;
				CLANG_WARN_UNGUARDED_AVAILABILITY = YES_AGGRESSIVE;
				CLANG_WARN_UNREACHABLE_CODE = YES;
				CLANG_WARN__DUPLICATE_METHOD_MATCH = YES;
				CODE_SIGN_IDENTITY = "iPhone Developer";
				COPY_PHASE_STRIP = NO;
				DEBUG_INFORMATION_FORMAT = dwarf;
				DEVELOPMENT_TEAM = G6KNGNG82Z;
				ENABLE_STRICT_OBJC_MSGSEND = YES;
				ENABLE_TESTABILITY = YES;
				GCC_C_LANGUAGE_STANDARD = gnu11;
				GCC_DYNAMIC_NO_PIC = NO;
				GCC_NO_COMMON_BLOCKS = YES;
				GCC_OPTIMIZATION_LEVEL = 0;
				GCC_PREPROCESSOR_DEFINITIONS = (
					"DEBUG=1",
					"$(inherited)",
				);
				GCC_WARN_64_TO_32_BIT_CONVERSION = YES;
				GCC_WARN_ABOUT_RETURN_TYPE = YES_ERROR;
				GCC_WARN_UNDECLARED_SELECTOR = YES;
				GCC_WARN_UNINITIALIZED_AUTOS = YES_AGGRESSIVE;
				GCC_WARN_UNUSED_FUNCTION = YES;
				GCC_WARN_UNUSED_VARIABLE = YES;
				IPHONEOS_DEPLOYMENT_TARGET = 11.3;
				MTL_ENABLE_DEBUG_INFO = YES;
				ONLY_ACTIVE_ARCH = YES;
				SDKROOT = iphoneos;
			};
			name = Debug;
		};
		5DB5F1F720CAE6D30027B6DE /* Release */ = {
			isa = XCBuildConfiguration;
			buildSettings = {
				ALWAYS_SEARCH_USER_PATHS = NO;
				CLANG_ANALYZER_NONNULL = YES;
				CLANG_ANALYZER_NUMBER_OBJECT_CONVERSION = YES_AGGRESSIVE;
				CLANG_CXX_LANGUAGE_STANDARD = "gnu++14";
				CLANG_CXX_LIBRARY = "libc++";
				CLANG_ENABLE_MODULES = YES;
				CLANG_ENABLE_OBJC_ARC = YES;
				CLANG_ENABLE_OBJC_WEAK = YES;
				CLANG_WARN_BLOCK_CAPTURE_AUTORELEASING = YES;
				CLANG_WARN_BOOL_CONVERSION = YES;
				CLANG_WARN_COMMA = YES;
				CLANG_WARN_CONSTANT_CONVERSION = YES;
				CLANG_WARN_DEPRECATED_OBJC_IMPLEMENTATIONS = YES;
				CLANG_WARN_DIRECT_OBJC_ISA_USAGE = YES_ERROR;
				CLANG_WARN_DOCUMENTATION_COMMENTS = YES;
				CLANG_WARN_EMPTY_BODY = YES;
				CLANG_WARN_ENUM_CONVERSION = YES;
				CLANG_WARN_INFINITE_RECURSION = YES;
				CLANG_WARN_INT_CONVERSION = YES;
				CLANG_WARN_NON_LITERAL_NULL_CONVERSION = YES;
				CLANG_WARN_OBJC_IMPLICIT_RETAIN_SELF = YES;
				CLANG_WARN_OBJC_LITERAL_CONVERSION = YES;
				CLANG_WARN_OBJC_ROOT_CLASS = YES_ERROR;
				CLANG_WARN_RANGE_LOOP_ANALYSIS = YES;
				CLANG_WARN_STRICT_PROTOTYPES = YES;
				CLANG_WARN_SUSPICIOUS_MOVE = YES;
				CLANG_WARN_UNGUARDED_AVAILABILITY = YES_AGGRESSIVE;
				CLANG_WARN_UNREACHABLE_CODE = YES;
				CLANG_WARN__DUPLICATE_METHOD_MATCH = YES;
				CODE_SIGN_IDENTITY = "iPhone Developer";
				COPY_PHASE_STRIP = NO;
				DEBUG_INFORMATION_FORMAT = "dwarf-with-dsym";
				DEVELOPMENT_TEAM = G6KNGNG82Z;
				ENABLE_NS_ASSERTIONS = NO;
				ENABLE_STRICT_OBJC_MSGSEND = YES;
				GCC_C_LANGUAGE_STANDARD = gnu11;
				GCC_NO_COMMON_BLOCKS = YES;
				GCC_WARN_64_TO_32_BIT_CONVERSION = YES;
				GCC_WARN_ABOUT_RETURN_TYPE = YES_ERROR;
				GCC_WARN_UNDECLARED_SELECTOR = YES;
				GCC_WARN_UNINITIALIZED_AUTOS = YES_AGGRESSIVE;
				GCC_WARN_UNUSED_FUNCTION = YES;
				GCC_WARN_UNUSED_VARIABLE = YES;
				IPHONEOS_DEPLOYMENT_TARGET = 11.3;
				MTL_ENABLE_DEBUG_INFO = NO;
				SDKROOT = iphoneos;
				VALIDATE_PRODUCT = YES;
			};
			name = Release;
		};
		5DB5F1F920CAE6D30027B6DE /* Debug */ = {
			isa = XCBuildConfiguration;
			buildSettings = {
				ASSETCATALOG_COMPILER_APPICON_NAME = AppIcon;
				CODE_SIGN_IDENTITY = "iPhone Developer";
				CODE_SIGN_STYLE = Automatic;
				DEVELOPMENT_TEAM = G6KNGNG82Z;
				INFOPLIST_FILE = PhoneContacts/Info.plist;
				LD_RUNPATH_SEARCH_PATHS = (
					"$(inherited)",
					"@executable_path/Frameworks",
				);
				LIBRARY_SEARCH_PATHS = (
					"$(inherited)",
					"$(SYSTEM_LIBRARY_DIR)/Tcl/sqlite3",
				);
				PRODUCT_BUNDLE_IDENTIFIER = "-.PhoneContacts";
				PRODUCT_NAME = "$(TARGET_NAME)";
				TARGETED_DEVICE_FAMILY = "1,2";
			};
			name = Debug;
		};
		5DB5F1FA20CAE6D30027B6DE /* Release */ = {
			isa = XCBuildConfiguration;
			buildSettings = {
				ASSETCATALOG_COMPILER_APPICON_NAME = AppIcon;
				CODE_SIGN_IDENTITY = "iPhone Developer";
				CODE_SIGN_STYLE = Automatic;
				DEVELOPMENT_TEAM = G6KNGNG82Z;
				INFOPLIST_FILE = PhoneContacts/Info.plist;
				LD_RUNPATH_SEARCH_PATHS = (
					"$(inherited)",
					"@executable_path/Frameworks",
				);
				LIBRARY_SEARCH_PATHS = (
					"$(inherited)",
					"$(SYSTEM_LIBRARY_DIR)/Tcl/sqlite3",
				);
				PRODUCT_BUNDLE_IDENTIFIER = "-.PhoneContacts";
				PRODUCT_NAME = "$(TARGET_NAME)";
				TARGETED_DEVICE_FAMILY = "1,2";
			};
			name = Release;
		};
/* End XCBuildConfiguration section */

/* Begin XCConfigurationList section */
		5DB5F1DA20CAE6D10027B6DE /* Build configuration list for PBXProject "PhoneContacts" */ = {
			isa = XCConfigurationList;
			buildConfigurations = (
				5DB5F1F620CAE6D30027B6DE /* Debug */,
				5DB5F1F720CAE6D30027B6DE /* Release */,
			);
			defaultConfigurationIsVisible = 0;
			defaultConfigurationName = Release;
		};
		5DB5F1F820CAE6D30027B6DE /* Build configuration list for PBXNativeTarget "PhoneContacts" */ = {
			isa = XCConfigurationList;
			buildConfigurations = (
				5DB5F1F920CAE6D30027B6DE /* Debug */,
				5DB5F1FA20CAE6D30027B6DE /* Release */,
			);
			defaultConfigurationIsVisible = 0;
			defaultConfigurationName = Release;
		};
/* End XCConfigurationList section */
	};
	rootObject = 5DB5F1D720CAE6D10027B6DE /* Project object */;
}
